
Microsoft Visual Studio Solution File, Format Version 12.00
# Visual Studio Version 17
VisualStudioVersion = 17.0.31808.319
MinimumVisualStudioVersion = 15.0.26124.0
Project("{9A19103F-16F7-4668-BE54-9A1E7A4F7556}") = "Grynwald.Utilities", "src\Utilities\Grynwald.Utilities.csproj", "{086E530E-68D9-4ACB-B462-C1C6671D61E3}"
EndProject
Project("{9A19103F-16F7-4668-BE54-9A1E7A4F7556}") = "Grynwald.Utilities.Test", "src\Utilities.Test\Grynwald.Utilities.Test.csproj", "{851D80EC-56ED-4270-BFA6-5E07A79FB933}"
EndProject
Project("{9A19103F-16F7-4668-BE54-9A1E7A4F7556}") = "Grynwald.Utilities.ReferenceAssemblies", "src\Utilities.ReferenceAssemblies\Grynwald.Utilities.ReferenceAssemblies.csproj", "{A2E64D65-8B8E-4824-BFB9-779FF6269E83}"
EndProject
Project("{2150E333-8FDC-42A3-9474-1A3956D46DE8}") = "Solution Items", "Solution Items", "{64115D43-25B6-43BC-BE4F-89FA85CF4A64}"
	ProjectSection(SolutionItems) = preProject
		.editorconfig = .editorconfig
		Directory.Build.props = Directory.Build.props
		Directory.Build.targets = Directory.Build.targets
	EndProjectSection
EndProject
Project("{9A19103F-16F7-4668-BE54-9A1E7A4F7556}") = "Grynwald.Utilities.Configuration", "src\Utilities.Configuration\Grynwald.Utilities.Configuration.csproj", "{FA9AF47C-176B-48A9-BFAE-212D84E589AC}"
EndProject
Project("{9A19103F-16F7-4668-BE54-9A1E7A4F7556}") = "Grynwald.Utilities.Configuration.Test", "src\Utilities.Configuration.Test\Grynwald.Utilities.Configuration.Test.csproj", "{8F170DDF-4DF0-4915-A636-BF397E9E35EB}"
EndProject
Project("{2150E333-8FDC-42A3-9474-1A3956D46DE8}") = "Grynwald.Utilities.Configuration", "Grynwald.Utilities.Configuration", "{D50D3DC4-5827-44BA-8816-95B678072131}"
EndProject
Project("{2150E333-8FDC-42A3-9474-1A3956D46DE8}") = "Grynwald.Utilities", "Grynwald.Utilities", "{E7229523-011C-4AC8-9384-DF54226FFC6A}"
EndProject
Project("{9A19103F-16F7-4668-BE54-9A1E7A4F7556}") = "Grynwald.Utilities.Logging", "src\Utilities.Logging\Grynwald.Utilities.Logging.csproj", "{7E3EC71C-12F8-4923-9CDA-350F34A09ED3}"
EndProject
Project("{2150E333-8FDC-42A3-9474-1A3956D46DE8}") = "Grynwald.Utilities.Logging", "Grynwald.Utilities.Logging", "{EA7538A0-CFE5-4F1D-9988-0C02E72CE503}"
EndProject
Project("{2150E333-8FDC-42A3-9474-1A3956D46DE8}") = "src", "src", "{D44D5A2B-E744-439F-8545-EB03984C5372}"
EndProject
Project("{2150E333-8FDC-42A3-9474-1A3956D46DE8}") = "build", "build", "{A3A73E35-3572-44A2-B535-F691E744AE51}"
EndProject
Project("{9A19103F-16F7-4668-BE54-9A1E7A4F7556}") = "Build", "build\Build.csproj", "{68005476-743A-4B11-8051-D43795ABB23F}"
EndProject
Global
	GlobalSection(SolutionConfigurationPlatforms) = preSolution
		Debug|Any CPU = Debug|Any CPU
		Release|Any CPU = Release|Any CPU
	EndGlobalSection
	GlobalSection(ProjectConfigurationPlatforms) = postSolution
		{086E530E-68D9-4ACB-B462-C1C6671D61E3}.Debug|Any CPU.ActiveCfg = Debug|Any CPU
		{086E530E-68D9-4ACB-B462-C1C6671D61E3}.Debug|Any CPU.Build.0 = Debug|Any CPU
		{086E530E-68D9-4ACB-B462-C1C6671D61E3}.Release|Any CPU.ActiveCfg = Release|Any CPU
		{086E530E-68D9-4ACB-B462-C1C6671D61E3}.Release|Any CPU.Build.0 = Release|Any CPU
		{851D80EC-56ED-4270-BFA6-5E07A79FB933}.Debug|Any CPU.ActiveCfg = Debug|Any CPU
		{851D80EC-56ED-4270-BFA6-5E07A79FB933}.Debug|Any CPU.Build.0 = Debug|Any CPU
		{851D80EC-56ED-4270-BFA6-5E07A79FB933}.Release|Any CPU.ActiveCfg = Release|Any CPU
		{851D80EC-56ED-4270-BFA6-5E07A79FB933}.Release|Any CPU.Build.0 = Release|Any CPU
		{A2E64D65-8B8E-4824-BFB9-779FF6269E83}.Debug|Any CPU.ActiveCfg = Debug|Any CPU
		{A2E64D65-8B8E-4824-BFB9-779FF6269E83}.Debug|Any CPU.Build.0 = Debug|Any CPU
		{A2E64D65-8B8E-4824-BFB9-779FF6269E83}.Release|Any CPU.ActiveCfg = Release|Any CPU
		{A2E64D65-8B8E-4824-BFB9-779FF6269E83}.Release|Any CPU.Build.0 = Release|Any CPU
		{FA9AF47C-176B-48A9-BFAE-212D84E589AC}.Debug|Any CPU.ActiveCfg = Debug|Any CPU
		{FA9AF47C-176B-48A9-BFAE-212D84E589AC}.Debug|Any CPU.Build.0 = Debug|Any CPU
		{FA9AF47C-176B-48A9-BFAE-212D84E589AC}.Release|Any CPU.ActiveCfg = Release|Any CPU
		{FA9AF47C-176B-48A9-BFAE-212D84E589AC}.Release|Any CPU.Build.0 = Release|Any CPU
		{8F170DDF-4DF0-4915-A636-BF397E9E35EB}.Debug|Any CPU.ActiveCfg = Debug|Any CPU
		{8F170DDF-4DF0-4915-A636-BF397E9E35EB}.Debug|Any CPU.Build.0 = Debug|Any CPU
		{8F170DDF-4DF0-4915-A636-BF397E9E35EB}.Release|Any CPU.ActiveCfg = Release|Any CPU
		{8F170DDF-4DF0-4915-A636-BF397E9E35EB}.Release|Any CPU.Build.0 = Release|Any CPU
		{7E3EC71C-12F8-4923-9CDA-350F34A09ED3}.Debug|Any CPU.ActiveCfg = Debug|Any CPU
		{7E3EC71C-12F8-4923-9CDA-350F34A09ED3}.Debug|Any CPU.Build.0 = Debug|Any CPU
		{7E3EC71C-12F8-4923-9CDA-350F34A09ED3}.Release|Any CPU.ActiveCfg = Release|Any CPU
		{7E3EC71C-12F8-4923-9CDA-350F34A09ED3}.Release|Any CPU.Build.0 = Release|Any CPU
		{68005476-743A-4B11-8051-D43795ABB23F}.Debug|Any CPU.ActiveCfg = Debug|Any CPU
		{68005476-743A-4B11-8051-D43795ABB23F}.Release|Any CPU.ActiveCfg = Release|Any CPU
	EndGlobalSection
	GlobalSection(SolutionProperties) = preSolution
		HideSolutionNode = FALSE
	EndGlobalSection
	GlobalSection(NestedProjects) = preSolution
		{086E530E-68D9-4ACB-B462-C1C6671D61E3} = {E7229523-011C-4AC8-9384-DF54226FFC6A}
		{851D80EC-56ED-4270-BFA6-5E07A79FB933} = {E7229523-011C-4AC8-9384-DF54226FFC6A}
		{A2E64D65-8B8E-4824-BFB9-779FF6269E83} = {E7229523-011C-4AC8-9384-DF54226FFC6A}
		{FA9AF47C-176B-48A9-BFAE-212D84E589AC} = {D50D3DC4-5827-44BA-8816-95B678072131}
		{8F170DDF-4DF0-4915-A636-BF397E9E35EB} = {D50D3DC4-5827-44BA-8816-95B678072131}
		{D50D3DC4-5827-44BA-8816-95B678072131} = {D44D5A2B-E744-439F-8545-EB03984C5372}
		{E7229523-011C-4AC8-9384-DF54226FFC6A} = {D44D5A2B-E744-439F-8545-EB03984C5372}
		{7E3EC71C-12F8-4923-9CDA-350F34A09ED3} = {EA7538A0-CFE5-4F1D-9988-0C02E72CE503}
		{EA7538A0-CFE5-4F1D-9988-0C02E72CE503} = {D44D5A2B-E744-439F-8545-EB03984C5372}
		{68005476-743A-4B11-8051-D43795ABB23F} = {A3A73E35-3572-44A2-B535-F691E744AE51}
	EndGlobalSection
	GlobalSection(ExtensibilityGlobals) = postSolution
		SolutionGuid = {AEDB45B9-3EC6-4245-9DBA-4321594B64A0}
	EndGlobalSection
EndGlobal
